
Microsoft Visual Studio Solution File, Format Version 12.00
# Visual Studio Version 16
VisualStudioVersion = 16.0.31005.135
MinimumVisualStudioVersion = 10.0.40219.1
Project("{FAE04EC0-301F-11D3-BF4B-00C04F79EFBC}") = "Task1", "Task1\Task1.csproj", "{3B42FDA7-2479-4B8B-A9AF-9696C6EA05D6}"
EndProject
Project("{FAE04EC0-301F-11D3-BF4B-00C04F79EFBC}") = "Task2", "Task2\Task2.csproj", "{50F41421-6F80-426D-8CFA-5A71C26AA830}"
EndProject
Project("{FAE04EC0-301F-11D3-BF4B-00C04F79EFBC}") = "Task3", "Task3\Task3.csproj", "{94EAD464-D156-41E3-9A4C-661A9E3353F3}"
EndProject
Project("{FAE04EC0-301F-11D3-BF4B-00C04F79EFBC}") = "Task4", "Task4\Task4.csproj", "{5704F534-07D9-4BBC-9A83-16F46DF8F93F}"
EndProject
Global
	GlobalSection(SolutionConfigurationPlatforms) = preSolution
		Debug|Any CPU = Debug|Any CPU
		Release|Any CPU = Release|Any CPU
	EndGlobalSection
	GlobalSection(ProjectConfigurationPlatforms) = postSolution
		{3B42FDA7-2479-4B8B-A9AF-9696C6EA05D6}.Debug|Any CPU.ActiveCfg = Debug|Any CPU
		{3B42FDA7-2479-4B8B-A9AF-9696C6EA05D6}.Debug|Any CPU.Build.0 = Debug|Any CPU
		{3B42FDA7-2479-4B8B-A9AF-9696C6EA05D6}.Release|Any CPU.ActiveCfg = Release|Any CPU
		{3B42FDA7-2479-4B8B-A9AF-9696C6EA05D6}.Release|Any CPU.Build.0 = Release|Any CPU
		{50F41421-6F80-426D-8CFA-5A71C26AA830}.Debug|Any CPU.ActiveCfg = Debug|Any CPU
		{50F41421-6F80-426D-8CFA-5A71C26AA830}.Debug|Any CPU.Build.0 = Debug|Any CPU
		{50F41421-6F80-426D-8CFA-5A71C26AA830}.Release|Any CPU.ActiveCfg = Release|Any CPU
		{50F41421-6F80-426D-8CFA-5A71C26AA830}.Release|Any CPU.Build.0 = Release|Any CPU
		{94EAD464-D156-41E3-9A4C-661A9E3353F3}.Debug|Any CPU.ActiveCfg = Debug|Any CPU
		{94EAD464-D156-41E3-9A4C-661A9E3353F3}.Debug|Any CPU.Build.0 = Debug|Any CPU
		{94EAD464-D156-41E3-9A4C-661A9E3353F3}.Release|Any CPU.ActiveCfg = Release|Any CPU
		{94EAD464-D156-41E3-9A4C-661A9E3353F3}.Release|Any CPU.Build.0 = Release|Any CPU
		{5704F534-07D9-4BBC-9A83-16F46DF8F93F}.Debug|Any CPU.ActiveCfg = Debug|Any CPU
		{5704F534-07D9-4BBC-9A83-16F46DF8F93F}.Debug|Any CPU.Build.0 = Debug|Any CPU
		{5704F534-07D9-4BBC-9A83-16F46DF8F93F}.Release|Any CPU.ActiveCfg = Release|Any CPU
		{5704F534-07D9-4BBC-9A83-16F46DF8F93F}.Release|Any CPU.Build.0 = Release|Any CPU
	EndGlobalSection
	GlobalSection(SolutionProperties) = preSolution
		HideSolutionNode = FALSE
	EndGlobalSection
	GlobalSection(ExtensibilityGlobals) = postSolution
		SolutionGuid = {5DDEAF84-3E2D-45F3-93D2-F0C52713D40C}
	EndGlobalSection
EndGlobal
